
Microsoft Visual Studio Solution File, Format Version 12.00
# Visual Studio Version 17
VisualStudioVersion = 17.3.32819.101
MinimumVisualStudioVersion = 10.0.40219.1
Project("{FAE04EC0-301F-11D3-BF4B-00C04F79EFBC}") = "lab1", "lab1\lab1.csproj", "{B802F332-6B71-4716-A3AB-A0522BC1E5BD}"
EndProject
Global
	GlobalSection(SolutionConfigurationPlatforms) = preSolution
		Debug|Any CPU = Debug|Any CPU
		Release|Any CPU = Release|Any CPU
	EndGlobalSection
	GlobalSection(ProjectConfigurationPlatforms) = postSolution
		{B802F332-6B71-4716-A3AB-A0522BC1E5BD}.Debug|Any CPU.ActiveCfg = Debug|Any CPU
		{B802F332-6B71-4716-A3AB-A0522BC1E5BD}.Debug|Any CPU.Build.0 = Debug|Any CPU
		{B802F332-6B71-4716-A3AB-A0522BC1E5BD}.Release|Any CPU.ActiveCfg = Release|Any CPU
		{B802F332-6B71-4716-A3AB-A0522BC1E5BD}.Release|Any CPU.Build.0 = Release|Any CPU
	EndGlobalSection
	GlobalSection(SolutionProperties) = preSolution
		HideSolutionNode = FALSE
	EndGlobalSection
	GlobalSection(ExtensibilityGlobals) = postSolution
		SolutionGuid = {BB1CDA2A-1085-4B81-A19F-5BBB2BC672F1}
	EndGlobalSection
EndGlobal
